// !$*UTF8*$!
{
	archiveVersion = 1;
	classes = {
	};
	objectVersion = 52;
	objects = {

/* Begin PBXBuildFile section */
		0393B51823533F4600FEC0E1 /* PostsStore.tests.swift in Sources */ = {isa = PBXBuildFile; fileRef = 0393B51623533F4300FEC0E1 /* PostsStore.tests.swift */; };
		03DD9AE1234DF4EE00140291 /* App.tests.swift in Sources */ = {isa = PBXBuildFile; fileRef = 03DD9ADF234DF4D200140291 /* App.tests.swift */; };
		03DD9AE6234DF62400140291 /* API.Post.swift in Sources */ = {isa = PBXBuildFile; fileRef = 03DD9AE5234DF62400140291 /* API.Post.swift */; };
		03DD9AE8234DF6A700140291 /* API.Comment.swift in Sources */ = {isa = PBXBuildFile; fileRef = 03DD9AE7234DF6A700140291 /* API.Comment.swift */; };
		03DD9AEA234DF6F800140291 /* API.User.swift in Sources */ = {isa = PBXBuildFile; fileRef = 03DD9AE9234DF6F800140291 /* API.User.swift */; };
		03DD9AEC234DF79200140291 /* API.Post.tests.swift in Sources */ = {isa = PBXBuildFile; fileRef = 03DD9AEB234DF79200140291 /* API.Post.tests.swift */; };
		03DD9AEF234DFA2300140291 /* posts.response.json in Resources */ = {isa = PBXBuildFile; fileRef = 03DD9AED234DF86E00140291 /* posts.response.json */; };
		03DD9AF4234E072400140291 /* Bundle.extensions.swift in Sources */ = {isa = PBXBuildFile; fileRef = 03DD9AF2234E06EC00140291 /* Bundle.extensions.swift */; };
		03DD9AF6234E083E00140291 /* StringError.swift in Sources */ = {isa = PBXBuildFile; fileRef = 03DD9AF5234E083E00140291 /* StringError.swift */; };
		03DD9AF9234E156900140291 /* API.Comment.tests.swift in Sources */ = {isa = PBXBuildFile; fileRef = 03DD9AF7234E154E00140291 /* API.Comment.tests.swift */; };
		03DD9AFC234E15BA00140291 /* comments.response.json in Resources */ = {isa = PBXBuildFile; fileRef = 03DD9AFA234E158B00140291 /* comments.response.json */; };
		03DD9AFF234E164800140291 /* API.User.tests.swift in Sources */ = {isa = PBXBuildFile; fileRef = 03DD9AFD234E163300140291 /* API.User.tests.swift */; };
		03DD9B02234E165E00140291 /* users.response.json in Resources */ = {isa = PBXBuildFile; fileRef = 03DD9B00234E165400140291 /* users.response.json */; };
		03DD9B04234E17DF00140291 /* API.swift in Sources */ = {isa = PBXBuildFile; fileRef = 03DD9B03234E17DF00140291 /* API.swift */; };
		03DD9B06234E1BF300140291 /* Post.swift in Sources */ = {isa = PBXBuildFile; fileRef = 03DD9B05234E1BF300140291 /* Post.swift */; };
		03DD9B08234E1C0200140291 /* User.swift in Sources */ = {isa = PBXBuildFile; fileRef = 03DD9B07234E1C0200140291 /* User.swift */; };
		03DD9B0A234E1C0F00140291 /* Comment.swift in Sources */ = {isa = PBXBuildFile; fileRef = 03DD9B09234E1C0F00140291 /* Comment.swift */; };
		03DD9B0C234E226600140291 /* Email.swift in Sources */ = {isa = PBXBuildFile; fileRef = 03DD9B0B234E226600140291 /* Email.swift */; };
		03DD9B0D234E26A400140291 /* posts.response.json in Resources */ = {isa = PBXBuildFile; fileRef = 03DD9AED234DF86E00140291 /* posts.response.json */; };
		03DD9B0E234E26A700140291 /* comments.response.json in Resources */ = {isa = PBXBuildFile; fileRef = 03DD9AFA234E158B00140291 /* comments.response.json */; };
		03DD9B0F234E26AA00140291 /* users.response.json in Resources */ = {isa = PBXBuildFile; fileRef = 03DD9B00234E165400140291 /* users.response.json */; };
		03DD9B11234E26F300140291 /* Post+API.swift in Sources */ = {isa = PBXBuildFile; fileRef = 03DD9B10234E26F300140291 /* Post+API.swift */; };
		03DD9B13234E28C900140291 /* RootView.swift in Sources */ = {isa = PBXBuildFile; fileRef = 03DD9B12234E28C900140291 /* RootView.swift */; };
		03DD9B1E234E652100140291 /* API.Client.swift in Sources */ = {isa = PBXBuildFile; fileRef = 03DD9B1D234E652100140291 /* API.Client.swift */; };
		03DD9B22234F4E1400140291 /* API.Client.tests.swift in Sources */ = {isa = PBXBuildFile; fileRef = 03DD9B21234F4E1400140291 /* API.Client.tests.swift */; };
		03DD9B25234F69DF00140291 /* Combine.tests.extensions.swift in Sources */ = {isa = PBXBuildFile; fileRef = 03DD9B23234F69CC00140291 /* Combine.tests.extensions.swift */; };
		03DD9B27234F6FF700140291 /* Result.extensions.swift in Sources */ = {isa = PBXBuildFile; fileRef = 03DD9B26234F6FF700140291 /* Result.extensions.swift */; };
		03DD9B29234F93B500140291 /* User+API.swift in Sources */ = {isa = PBXBuildFile; fileRef = 03DD9B28234F93B500140291 /* User+API.swift */; };
		03DD9B2B234F951C00140291 /* ConversionError.swift in Sources */ = {isa = PBXBuildFile; fileRef = 03DD9B2A234F951C00140291 /* ConversionError.swift */; };
		03DD9B2D234F97B600140291 /* Comment+API.swift in Sources */ = {isa = PBXBuildFile; fileRef = 03DD9B2C234F97B600140291 /* Comment+API.swift */; };
		03DD9B362350863B00140291 /* RemoteData.swift in Sources */ = {isa = PBXBuildFile; fileRef = 03DD9B352350863B00140291 /* RemoteData.swift */; };
		03DD9B3D2350C94500140291 /* PostsStore.swift in Sources */ = {isa = PBXBuildFile; fileRef = 03DD9B3C2350C94500140291 /* PostsStore.swift */; };
		03E8A7F2234DE23900259855 /* AppDelegate.swift in Sources */ = {isa = PBXBuildFile; fileRef = 03E8A7F1234DE23900259855 /* AppDelegate.swift */; };
		03E8A7F4234DE23900259855 /* SceneDelegate.swift in Sources */ = {isa = PBXBuildFile; fileRef = 03E8A7F3234DE23900259855 /* SceneDelegate.swift */; };
		03E8A7F6234DE23900259855 /* PostsListView.swift in Sources */ = {isa = PBXBuildFile; fileRef = 03E8A7F5234DE23900259855 /* PostsListView.swift */; };
		03E8A7F8234DE23A00259855 /* Assets.xcassets in Resources */ = {isa = PBXBuildFile; fileRef = 03E8A7F7234DE23A00259855 /* Assets.xcassets */; };
		03E8A7FB234DE23A00259855 /* Preview Assets.xcassets in Resources */ = {isa = PBXBuildFile; fileRef = 03E8A7FA234DE23A00259855 /* Preview Assets.xcassets */; };
		03E8A7FE234DE23A00259855 /* LaunchScreen.storyboard in Resources */ = {isa = PBXBuildFile; fileRef = 03E8A7FC234DE23A00259855 /* LaunchScreen.storyboard */; };
		03E8A831234DF21C00259855 /* App.uitests.swift in Sources */ = {isa = PBXBuildFile; fileRef = 03E8A813234DE23A00259855 /* App.uitests.swift */; };
/* End PBXBuildFile section */

/* Begin PBXContainerItemProxy section */
		03E8A805234DE23A00259855 /* PBXContainerItemProxy */ = {
			isa = PBXContainerItemProxy;
			containerPortal = 03E8A7E6234DE23900259855 /* Project object */;
			proxyType = 1;
			remoteGlobalIDString = 03E8A7ED234DE23900259855;
			remoteInfo = "Thread Demo";
		};
		03E8A810234DE23A00259855 /* PBXContainerItemProxy */ = {
			isa = PBXContainerItemProxy;
			containerPortal = 03E8A7E6234DE23900259855 /* Project object */;
			proxyType = 1;
			remoteGlobalIDString = 03E8A7ED234DE23900259855;
			remoteInfo = "Thread Demo";
		};
/* End PBXContainerItemProxy section */

/* Begin PBXFileReference section */
		0393B51623533F4300FEC0E1 /* PostsStore.tests.swift */ = {isa = PBXFileReference; lastKnownFileType = sourcecode.swift; path = PostsStore.tests.swift; sourceTree = "<group>"; };
		03DD9ADF234DF4D200140291 /* App.tests.swift */ = {isa = PBXFileReference; lastKnownFileType = sourcecode.swift; path = App.tests.swift; sourceTree = "<group>"; };
		03DD9AE5234DF62400140291 /* API.Post.swift */ = {isa = PBXFileReference; lastKnownFileType = sourcecode.swift; path = API.Post.swift; sourceTree = "<group>"; };
		03DD9AE7234DF6A700140291 /* API.Comment.swift */ = {isa = PBXFileReference; lastKnownFileType = sourcecode.swift; path = API.Comment.swift; sourceTree = "<group>"; };
		03DD9AE9234DF6F800140291 /* API.User.swift */ = {isa = PBXFileReference; lastKnownFileType = sourcecode.swift; path = API.User.swift; sourceTree = "<group>"; };
		03DD9AEB234DF79200140291 /* API.Post.tests.swift */ = {isa = PBXFileReference; lastKnownFileType = sourcecode.swift; path = API.Post.tests.swift; sourceTree = "<group>"; };
		03DD9AED234DF86E00140291 /* posts.response.json */ = {isa = PBXFileReference; lastKnownFileType = text.json; path = posts.response.json; sourceTree = "<group>"; };
		03DD9AF2234E06EC00140291 /* Bundle.extensions.swift */ = {isa = PBXFileReference; lastKnownFileType = sourcecode.swift; path = Bundle.extensions.swift; sourceTree = "<group>"; };
		03DD9AF5234E083E00140291 /* StringError.swift */ = {isa = PBXFileReference; lastKnownFileType = sourcecode.swift; path = StringError.swift; sourceTree = "<group>"; };
		03DD9AF7234E154E00140291 /* API.Comment.tests.swift */ = {isa = PBXFileReference; lastKnownFileType = sourcecode.swift; path = API.Comment.tests.swift; sourceTree = "<group>"; };
		03DD9AFA234E158B00140291 /* comments.response.json */ = {isa = PBXFileReference; lastKnownFileType = text.json; path = comments.response.json; sourceTree = "<group>"; };
		03DD9AFD234E163300140291 /* API.User.tests.swift */ = {isa = PBXFileReference; lastKnownFileType = sourcecode.swift; path = API.User.tests.swift; sourceTree = "<group>"; };
		03DD9B00234E165400140291 /* users.response.json */ = {isa = PBXFileReference; lastKnownFileType = text.json; path = users.response.json; sourceTree = "<group>"; };
		03DD9B03234E17DF00140291 /* API.swift */ = {isa = PBXFileReference; lastKnownFileType = sourcecode.swift; path = API.swift; sourceTree = "<group>"; };
		03DD9B05234E1BF300140291 /* Post.swift */ = {isa = PBXFileReference; lastKnownFileType = sourcecode.swift; path = Post.swift; sourceTree = "<group>"; };
		03DD9B07234E1C0200140291 /* User.swift */ = {isa = PBXFileReference; lastKnownFileType = sourcecode.swift; path = User.swift; sourceTree = "<group>"; };
		03DD9B09234E1C0F00140291 /* Comment.swift */ = {isa = PBXFileReference; lastKnownFileType = sourcecode.swift; path = Comment.swift; sourceTree = "<group>"; };
		03DD9B0B234E226600140291 /* Email.swift */ = {isa = PBXFileReference; lastKnownFileType = sourcecode.swift; path = Email.swift; sourceTree = "<group>"; };
		03DD9B10234E26F300140291 /* Post+API.swift */ = {isa = PBXFileReference; lastKnownFileType = sourcecode.swift; path = "Post+API.swift"; sourceTree = "<group>"; };
		03DD9B12234E28C900140291 /* RootView.swift */ = {isa = PBXFileReference; lastKnownFileType = sourcecode.swift; path = RootView.swift; sourceTree = "<group>"; };
		03DD9B1D234E652100140291 /* API.Client.swift */ = {isa = PBXFileReference; lastKnownFileType = sourcecode.swift; path = API.Client.swift; sourceTree = "<group>"; };
		03DD9B21234F4E1400140291 /* API.Client.tests.swift */ = {isa = PBXFileReference; lastKnownFileType = sourcecode.swift; path = API.Client.tests.swift; sourceTree = "<group>"; };
		03DD9B23234F69CC00140291 /* Combine.tests.extensions.swift */ = {isa = PBXFileReference; lastKnownFileType = sourcecode.swift; path = Combine.tests.extensions.swift; sourceTree = "<group>"; };
		03DD9B26234F6FF700140291 /* Result.extensions.swift */ = {isa = PBXFileReference; lastKnownFileType = sourcecode.swift; path = Result.extensions.swift; sourceTree = "<group>"; };
		03DD9B28234F93B500140291 /* User+API.swift */ = {isa = PBXFileReference; lastKnownFileType = sourcecode.swift; path = "User+API.swift"; sourceTree = "<group>"; };
		03DD9B2A234F951C00140291 /* ConversionError.swift */ = {isa = PBXFileReference; lastKnownFileType = sourcecode.swift; path = ConversionError.swift; sourceTree = "<group>"; };
		03DD9B2C234F97B600140291 /* Comment+API.swift */ = {isa = PBXFileReference; lastKnownFileType = sourcecode.swift; path = "Comment+API.swift"; sourceTree = "<group>"; };
		03DD9B352350863B00140291 /* RemoteData.swift */ = {isa = PBXFileReference; lastKnownFileType = sourcecode.swift; path = RemoteData.swift; sourceTree = "<group>"; };
		03DD9B3C2350C94500140291 /* PostsStore.swift */ = {isa = PBXFileReference; lastKnownFileType = sourcecode.swift; path = PostsStore.swift; sourceTree = "<group>"; };
		03E8A7EE234DE23900259855 /* Thread Demo.app */ = {isa = PBXFileReference; explicitFileType = wrapper.application; includeInIndex = 0; path = "Thread Demo.app"; sourceTree = BUILT_PRODUCTS_DIR; };
		03E8A7F1234DE23900259855 /* AppDelegate.swift */ = {isa = PBXFileReference; lastKnownFileType = sourcecode.swift; path = AppDelegate.swift; sourceTree = "<group>"; };
		03E8A7F3234DE23900259855 /* SceneDelegate.swift */ = {isa = PBXFileReference; lastKnownFileType = sourcecode.swift; path = SceneDelegate.swift; sourceTree = "<group>"; };
		03E8A7F5234DE23900259855 /* PostsListView.swift */ = {isa = PBXFileReference; lastKnownFileType = sourcecode.swift; path = PostsListView.swift; sourceTree = "<group>"; };
		03E8A7F7234DE23A00259855 /* Assets.xcassets */ = {isa = PBXFileReference; lastKnownFileType = folder.assetcatalog; path = Assets.xcassets; sourceTree = "<group>"; };
		03E8A7FA234DE23A00259855 /* Preview Assets.xcassets */ = {isa = PBXFileReference; lastKnownFileType = folder.assetcatalog; path = "Preview Assets.xcassets"; sourceTree = "<group>"; };
		03E8A7FD234DE23A00259855 /* Base */ = {isa = PBXFileReference; lastKnownFileType = file.storyboard; name = Base; path = Base.lproj/LaunchScreen.storyboard; sourceTree = "<group>"; };
		03E8A7FF234DE23A00259855 /* Info.plist */ = {isa = PBXFileReference; lastKnownFileType = text.plist.xml; path = Info.plist; sourceTree = "<group>"; };
		03E8A804234DE23A00259855 /* Thread Demo Tests.xctest */ = {isa = PBXFileReference; explicitFileType = wrapper.cfbundle; includeInIndex = 0; path = "Thread Demo Tests.xctest"; sourceTree = BUILT_PRODUCTS_DIR; };
		03E8A80A234DE23A00259855 /* Info.tests.plist */ = {isa = PBXFileReference; lastKnownFileType = text.plist.xml; path = Info.tests.plist; sourceTree = "<group>"; };
		03E8A80F234DE23A00259855 /* Thread Demo UITests.xctest */ = {isa = PBXFileReference; explicitFileType = wrapper.cfbundle; includeInIndex = 0; path = "Thread Demo UITests.xctest"; sourceTree = BUILT_PRODUCTS_DIR; };
		03E8A813234DE23A00259855 /* App.uitests.swift */ = {isa = PBXFileReference; lastKnownFileType = sourcecode.swift; path = App.uitests.swift; sourceTree = "<group>"; };
		03E8A815234DE23A00259855 /* Info.uitests.plist */ = {isa = PBXFileReference; lastKnownFileType = text.plist.xml; path = Info.uitests.plist; sourceTree = "<group>"; };
/* End PBXFileReference section */

/* Begin PBXFrameworksBuildPhase section */
		03E8A7EB234DE23900259855 /* Frameworks */ = {
			isa = PBXFrameworksBuildPhase;
			buildActionMask = 2147483647;
			files = (
			);
			runOnlyForDeploymentPostprocessing = 0;
		};
		03E8A801234DE23A00259855 /* Frameworks */ = {
			isa = PBXFrameworksBuildPhase;
			buildActionMask = 2147483647;
			files = (
			);
			runOnlyForDeploymentPostprocessing = 0;
		};
		03E8A80C234DE23A00259855 /* Frameworks */ = {
			isa = PBXFrameworksBuildPhase;
			buildActionMask = 2147483647;
			files = (
			);
			runOnlyForDeploymentPostprocessing = 0;
		};
/* End PBXFrameworksBuildPhase section */

/* Begin PBXGroup section */
		03DD9AE2234DF5DA00140291 /* Model */ = {
			isa = PBXGroup;
			children = (
				03DD9B14234E414200140291 /* Entities */,
				03DD9B322350841D00140291 /* API Integration */,
				03DD9B3B2350C8EA00140291 /* Stores */,
				03DD9B352350863B00140291 /* RemoteData.swift */,
			);
			path = Model;
			sourceTree = "<group>";
		};
		03DD9AE3234DF5EA00140291 /* API */ = {
			isa = PBXGroup;
			children = (
				03DD9AE4234DF60E00140291 /* DTO */,
				03DD9B03234E17DF00140291 /* API.swift */,
				03DD9B1D234E652100140291 /* API.Client.swift */,
				03DD9B21234F4E1400140291 /* API.Client.tests.swift */,
			);
			path = API;
			sourceTree = "<group>";
		};
		03DD9AE4234DF60E00140291 /* DTO */ = {
			isa = PBXGroup;
			children = (
				03DD9AE5234DF62400140291 /* API.Post.swift */,
				03DD9AEB234DF79200140291 /* API.Post.tests.swift */,
				03DD9AE7234DF6A700140291 /* API.Comment.swift */,
				03DD9AF7234E154E00140291 /* API.Comment.tests.swift */,
				03DD9AE9234DF6F800140291 /* API.User.swift */,
				03DD9AFD234E163300140291 /* API.User.tests.swift */,
			);
			path = DTO;
			sourceTree = "<group>";
		};
		03DD9AF0234E06C400140291 /* Utilities */ = {
			isa = PBXGroup;
			children = (
				03DD9AF1234E06CB00140291 /* Test */,
				03DD9B26234F6FF700140291 /* Result.extensions.swift */,
			);
			path = Utilities;
			sourceTree = "<group>";
		};
		03DD9AF1234E06CB00140291 /* Test */ = {
			isa = PBXGroup;
			children = (
				03DD9AF2234E06EC00140291 /* Bundle.extensions.swift */,
				03DD9B23234F69CC00140291 /* Combine.tests.extensions.swift */,
				03DD9AF5234E083E00140291 /* StringError.swift */,
			);
			path = Test;
			sourceTree = "<group>";
		};
		03DD9B14234E414200140291 /* Entities */ = {
			isa = PBXGroup;
			children = (
				03DD9B05234E1BF300140291 /* Post.swift */,
				03DD9B07234E1C0200140291 /* User.swift */,
				03DD9B09234E1C0F00140291 /* Comment.swift */,
				03DD9B0B234E226600140291 /* Email.swift */,
			);
			path = Entities;
			sourceTree = "<group>";
		};
		03DD9B322350841D00140291 /* API Integration */ = {
			isa = PBXGroup;
			children = (
				03DD9B10234E26F300140291 /* Post+API.swift */,
				03DD9B28234F93B500140291 /* User+API.swift */,
				03DD9B2C234F97B600140291 /* Comment+API.swift */,
				03DD9B2A234F951C00140291 /* ConversionError.swift */,
			);
			path = "API Integration";
			sourceTree = "<group>";
		};
		03DD9B3B2350C8EA00140291 /* Stores */ = {
			isa = PBXGroup;
			children = (
				03DD9B3C2350C94500140291 /* PostsStore.swift */,
				0393B51623533F4300FEC0E1 /* PostsStore.tests.swift */,
			);
			path = Stores;
			sourceTree = "<group>";
		};
		03E8A7E5234DE23900259855 = {
			isa = PBXGroup;
			children = (
				03E8A7F0234DE23900259855 /* Thread Demo */,
				03E8A7EF234DE23900259855 /* Products */,
			);
			sourceTree = "<group>";
		};
		03E8A7EF234DE23900259855 /* Products */ = {
			isa = PBXGroup;
			children = (
				03E8A7EE234DE23900259855 /* Thread Demo.app */,
				03E8A804234DE23A00259855 /* Thread Demo Tests.xctest */,
				03E8A80F234DE23A00259855 /* Thread Demo UITests.xctest */,
			);
			name = Products;
			sourceTree = "<group>";
		};
		03E8A7F0234DE23900259855 /* Thread Demo */ = {
			isa = PBXGroup;
			children = (
				03E8A82E234DEE1F00259855 /* App */,
				03E8A82F234DEE3300259855 /* UI */,
				03DD9AE2234DF5DA00140291 /* Model */,
				03DD9AE3234DF5EA00140291 /* API */,
				03DD9AF0234E06C400140291 /* Utilities */,
			);
			path = "Thread Demo";
			sourceTree = "<group>";
		};
		03E8A823234DED8900259855 /* Preview Content */ = {
			isa = PBXGroup;
			children = (
				03E8A7FA234DE23A00259855 /* Preview Assets.xcassets */,
				03DD9AED234DF86E00140291 /* posts.response.json */,
				03DD9AFA234E158B00140291 /* comments.response.json */,
				03DD9B00234E165400140291 /* users.response.json */,
			);
			path = "Preview Content";
			sourceTree = "<group>";
		};
		03E8A82E234DEE1F00259855 /* App */ = {
			isa = PBXGroup;
			children = (
				03E8A7F1234DE23900259855 /* AppDelegate.swift */,
				03E8A7F3234DE23900259855 /* SceneDelegate.swift */,
				03DD9ADF234DF4D200140291 /* App.tests.swift */,
				03E8A813234DE23A00259855 /* App.uitests.swift */,
				03E8A7FC234DE23A00259855 /* LaunchScreen.storyboard */,
				03E8A7FF234DE23A00259855 /* Info.plist */,
				03E8A80A234DE23A00259855 /* Info.tests.plist */,
				03E8A815234DE23A00259855 /* Info.uitests.plist */,
			);
			path = App;
			sourceTree = "<group>";
		};
		03E8A82F234DEE3300259855 /* UI */ = {
			isa = PBXGroup;
			children = (
				03E8A7F7234DE23A00259855 /* Assets.xcassets */,
				03E8A823234DED8900259855 /* Preview Content */,
				03DD9B12234E28C900140291 /* RootView.swift */,
				03E8A7F5234DE23900259855 /* PostsListView.swift */,
			);
			path = UI;
			sourceTree = "<group>";
		};
/* End PBXGroup section */

/* Begin PBXNativeTarget section */
		03E8A7ED234DE23900259855 /* Thread Demo */ = {
			isa = PBXNativeTarget;
			buildConfigurationList = 03E8A818234DE23A00259855 /* Build configuration list for PBXNativeTarget "Thread Demo" */;
			buildPhases = (
				03E8A7EA234DE23900259855 /* Sources */,
				03E8A7EB234DE23900259855 /* Frameworks */,
				03E8A7EC234DE23900259855 /* Resources */,
			);
			buildRules = (
			);
			dependencies = (
			);
			name = "Thread Demo";
			productName = "Thread Demo";
			productReference = 03E8A7EE234DE23900259855 /* Thread Demo.app */;
			productType = "com.apple.product-type.application";
		};
		03E8A803234DE23A00259855 /* Thread Demo Tests */ = {
			isa = PBXNativeTarget;
			buildConfigurationList = 03E8A81B234DE23A00259855 /* Build configuration list for PBXNativeTarget "Thread Demo Tests" */;
			buildPhases = (
				03E8A800234DE23A00259855 /* Sources */,
				03E8A801234DE23A00259855 /* Frameworks */,
				03E8A802234DE23A00259855 /* Resources */,
			);
			buildRules = (
			);
			dependencies = (
				03E8A806234DE23A00259855 /* PBXTargetDependency */,
			);
			name = "Thread Demo Tests";
			productName = "Thread DemoTests";
			productReference = 03E8A804234DE23A00259855 /* Thread Demo Tests.xctest */;
			productType = "com.apple.product-type.bundle.unit-test";
		};
		03E8A80E234DE23A00259855 /* Thread Demo UITests */ = {
			isa = PBXNativeTarget;
			buildConfigurationList = 03E8A81E234DE23A00259855 /* Build configuration list for PBXNativeTarget "Thread Demo UITests" */;
			buildPhases = (
				03E8A80B234DE23A00259855 /* Sources */,
				03E8A80C234DE23A00259855 /* Frameworks */,
				03E8A80D234DE23A00259855 /* Resources */,
			);
			buildRules = (
			);
			dependencies = (
				03E8A811234DE23A00259855 /* PBXTargetDependency */,
			);
			name = "Thread Demo UITests";
			productName = "Thread DemoUITests";
			productReference = 03E8A80F234DE23A00259855 /* Thread Demo UITests.xctest */;
			productType = "com.apple.product-type.bundle.ui-testing";
		};
/* End PBXNativeTarget section */

/* Begin PBXProject section */
		03E8A7E6234DE23900259855 /* Project object */ = {
			isa = PBXProject;
			attributes = {
				LastSwiftUpdateCheck = 1100;
				LastUpgradeCheck = 1100;
				ORGANIZATIONNAME = "Logic Craft Ltd";
				TargetAttributes = {
					03E8A7ED234DE23900259855 = {
						CreatedOnToolsVersion = 11.0;
					};
					03E8A803234DE23A00259855 = {
						CreatedOnToolsVersion = 11.0;
						TestTargetID = 03E8A7ED234DE23900259855;
					};
					03E8A80E234DE23A00259855 = {
						CreatedOnToolsVersion = 11.0;
						TestTargetID = 03E8A7ED234DE23900259855;
					};
				};
			};
			buildConfigurationList = 03E8A7E9234DE23900259855 /* Build configuration list for PBXProject "Thread Demo" */;
			compatibilityVersion = "Xcode 11.0";
			developmentRegion = en;
			hasScannedForEncodings = 0;
			knownRegions = (
				en,
				Base,
			);
			mainGroup = 03E8A7E5234DE23900259855;
			productRefGroup = 03E8A7EF234DE23900259855 /* Products */;
			projectDirPath = "";
			projectRoot = "";
			targets = (
				03E8A7ED234DE23900259855 /* Thread Demo */,
				03E8A803234DE23A00259855 /* Thread Demo Tests */,
				03E8A80E234DE23A00259855 /* Thread Demo UITests */,
			);
		};
/* End PBXProject section */

/* Begin PBXResourcesBuildPhase section */
		03E8A7EC234DE23900259855 /* Resources */ = {
			isa = PBXResourcesBuildPhase;
			buildActionMask = 2147483647;
			files = (
				03E8A7FE234DE23A00259855 /* LaunchScreen.storyboard in Resources */,
				03DD9B0D234E26A400140291 /* posts.response.json in Resources */,
				03E8A7FB234DE23A00259855 /* Preview Assets.xcassets in Resources */,
				03DD9B0E234E26A700140291 /* comments.response.json in Resources */,
				03DD9B0F234E26AA00140291 /* users.response.json in Resources */,
				03E8A7F8234DE23A00259855 /* Assets.xcassets in Resources */,
			);
			runOnlyForDeploymentPostprocessing = 0;
		};
		03E8A802234DE23A00259855 /* Resources */ = {
			isa = PBXResourcesBuildPhase;
			buildActionMask = 2147483647;
			files = (
				03DD9AEF234DFA2300140291 /* posts.response.json in Resources */,
				03DD9B02234E165E00140291 /* users.response.json in Resources */,
				03DD9AFC234E15BA00140291 /* comments.response.json in Resources */,
			);
			runOnlyForDeploymentPostprocessing = 0;
		};
		03E8A80D234DE23A00259855 /* Resources */ = {
			isa = PBXResourcesBuildPhase;
			buildActionMask = 2147483647;
			files = (
			);
			runOnlyForDeploymentPostprocessing = 0;
		};
/* End PBXResourcesBuildPhase section */

/* Begin PBXSourcesBuildPhase section */
		03E8A7EA234DE23900259855 /* Sources */ = {
			isa = PBXSourcesBuildPhase;
			buildActionMask = 2147483647;
			files = (
				03DD9B11234E26F300140291 /* Post+API.swift in Sources */,
				03DD9AE8234DF6A700140291 /* API.Comment.swift in Sources */,
				03DD9B3D2350C94500140291 /* PostsStore.swift in Sources */,
				03E8A7F2234DE23900259855 /* AppDelegate.swift in Sources */,
				03DD9AEA234DF6F800140291 /* API.User.swift in Sources */,
				03DD9B06234E1BF300140291 /* Post.swift in Sources */,
				03DD9B0C234E226600140291 /* Email.swift in Sources */,
				03DD9B2D234F97B600140291 /* Comment+API.swift in Sources */,
				03E8A7F4234DE23900259855 /* SceneDelegate.swift in Sources */,
				03DD9B0A234E1C0F00140291 /* Comment.swift in Sources */,
				03DD9B1E234E652100140291 /* API.Client.swift in Sources */,
				03DD9B27234F6FF700140291 /* Result.extensions.swift in Sources */,
				03DD9B08234E1C0200140291 /* User.swift in Sources */,
				03DD9B362350863B00140291 /* RemoteData.swift in Sources */,
				03DD9B13234E28C900140291 /* RootView.swift in Sources */,
				03E8A7F6234DE23900259855 /* PostsListView.swift in Sources */,
				03DD9B29234F93B500140291 /* User+API.swift in Sources */,
				03DD9AE6234DF62400140291 /* API.Post.swift in Sources */,
				03DD9B2B234F951C00140291 /* ConversionError.swift in Sources */,
				03DD9B04234E17DF00140291 /* API.swift in Sources */,
			);
			runOnlyForDeploymentPostprocessing = 0;
		};
		03E8A800234DE23A00259855 /* Sources */ = {
			isa = PBXSourcesBuildPhase;
			buildActionMask = 2147483647;
			files = (
				03DD9AEC234DF79200140291 /* API.Post.tests.swift in Sources */,
				0393B51823533F4600FEC0E1 /* PostsStore.tests.swift in Sources */,
				03DD9AFF234E164800140291 /* API.User.tests.swift in Sources */,
				03DD9AF9234E156900140291 /* API.Comment.tests.swift in Sources */,
				03DD9AF6234E083E00140291 /* StringError.swift in Sources */,
				03DD9AF4234E072400140291 /* Bundle.extensions.swift in Sources */,
				03DD9B25234F69DF00140291 /* Combine.tests.extensions.swift in Sources */,
				03DD9AE1234DF4EE00140291 /* App.tests.swift in Sources */,
				03DD9B22234F4E1400140291 /* API.Client.tests.swift in Sources */,
			);
			runOnlyForDeploymentPostprocessing = 0;
		};
		03E8A80B234DE23A00259855 /* Sources */ = {
			isa = PBXSourcesBuildPhase;
			buildActionMask = 2147483647;
			files = (
				03E8A831234DF21C00259855 /* App.uitests.swift in Sources */,
			);
			runOnlyForDeploymentPostprocessing = 0;
		};
/* End PBXSourcesBuildPhase section */

/* Begin PBXTargetDependency section */
		03E8A806234DE23A00259855 /* PBXTargetDependency */ = {
			isa = PBXTargetDependency;
			target = 03E8A7ED234DE23900259855 /* Thread Demo */;
			targetProxy = 03E8A805234DE23A00259855 /* PBXContainerItemProxy */;
		};
		03E8A811234DE23A00259855 /* PBXTargetDependency */ = {
			isa = PBXTargetDependency;
			target = 03E8A7ED234DE23900259855 /* Thread Demo */;
			targetProxy = 03E8A810234DE23A00259855 /* PBXContainerItemProxy */;
		};
/* End PBXTargetDependency section */

/* Begin PBXVariantGroup section */
		03E8A7FC234DE23A00259855 /* LaunchScreen.storyboard */ = {
			isa = PBXVariantGroup;
			children = (
				03E8A7FD234DE23A00259855 /* Base */,
			);
			name = LaunchScreen.storyboard;
			sourceTree = "<group>";
		};
/* End PBXVariantGroup section */

/* Begin XCBuildConfiguration section */
		03E8A816234DE23A00259855 /* Debug */ = {
			isa = XCBuildConfiguration;
			buildSettings = {
				ALWAYS_SEARCH_USER_PATHS = NO;
				CLANG_ANALYZER_NONNULL = YES;
				CLANG_ANALYZER_NUMBER_OBJECT_CONVERSION = YES_AGGRESSIVE;
				CLANG_CXX_LANGUAGE_STANDARD = "gnu++14";
				CLANG_CXX_LIBRARY = "libc++";
				CLANG_ENABLE_MODULES = YES;
				CLANG_ENABLE_OBJC_ARC = YES;
				CLANG_ENABLE_OBJC_WEAK = YES;
				CLANG_WARN_BLOCK_CAPTURE_AUTORELEASING = YES;
				CLANG_WARN_BOOL_CONVERSION = YES;
				CLANG_WARN_COMMA = YES;
				CLANG_WARN_CONSTANT_CONVERSION = YES;
				CLANG_WARN_DEPRECATED_OBJC_IMPLEMENTATIONS = YES;
				CLANG_WARN_DIRECT_OBJC_ISA_USAGE = YES_ERROR;
				CLANG_WARN_DOCUMENTATION_COMMENTS = YES;
				CLANG_WARN_EMPTY_BODY = YES;
				CLANG_WARN_ENUM_CONVERSION = YES;
				CLANG_WARN_INFINITE_RECURSION = YES;
				CLANG_WARN_INT_CONVERSION = YES;
				CLANG_WARN_NON_LITERAL_NULL_CONVERSION = YES;
				CLANG_WARN_OBJC_IMPLICIT_RETAIN_SELF = YES;
				CLANG_WARN_OBJC_LITERAL_CONVERSION = YES;
				CLANG_WARN_OBJC_ROOT_CLASS = YES_ERROR;
				CLANG_WARN_RANGE_LOOP_ANALYSIS = YES;
				CLANG_WARN_STRICT_PROTOTYPES = YES;
				CLANG_WARN_SUSPICIOUS_MOVE = YES;
				CLANG_WARN_UNGUARDED_AVAILABILITY = YES_AGGRESSIVE;
				CLANG_WARN_UNREACHABLE_CODE = YES;
				CLANG_WARN__DUPLICATE_METHOD_MATCH = YES;
				COPY_PHASE_STRIP = NO;
				DEBUG_INFORMATION_FORMAT = dwarf;
				ENABLE_STRICT_OBJC_MSGSEND = YES;
				ENABLE_TESTABILITY = YES;
				GCC_C_LANGUAGE_STANDARD = gnu11;
				GCC_DYNAMIC_NO_PIC = NO;
				GCC_NO_COMMON_BLOCKS = YES;
				GCC_OPTIMIZATION_LEVEL = 0;
				GCC_PREPROCESSOR_DEFINITIONS = (
					"DEBUG=1",
					"$(inherited)",
				);
				GCC_WARN_64_TO_32_BIT_CONVERSION = YES;
				GCC_WARN_ABOUT_RETURN_TYPE = YES_ERROR;
				GCC_WARN_UNDECLARED_SELECTOR = YES;
				GCC_WARN_UNINITIALIZED_AUTOS = YES_AGGRESSIVE;
				GCC_WARN_UNUSED_FUNCTION = YES;
				GCC_WARN_UNUSED_VARIABLE = YES;
				IPHONEOS_DEPLOYMENT_TARGET = 13.0;
				MTL_ENABLE_DEBUG_INFO = INCLUDE_SOURCE;
				MTL_FAST_MATH = YES;
				ONLY_ACTIVE_ARCH = YES;
				SDKROOT = iphoneos;
				SWIFT_ACTIVE_COMPILATION_CONDITIONS = DEBUG;
				SWIFT_OPTIMIZATION_LEVEL = "-Onone";
			};
			name = Debug;
		};
		03E8A817234DE23A00259855 /* Release */ = {
			isa = XCBuildConfiguration;
			buildSettings = {
				ALWAYS_SEARCH_USER_PATHS = NO;
				CLANG_ANALYZER_NONNULL = YES;
				CLANG_ANALYZER_NUMBER_OBJECT_CONVERSION = YES_AGGRESSIVE;
				CLANG_CXX_LANGUAGE_STANDARD = "gnu++14";
				CLANG_CXX_LIBRARY = "libc++";
				CLANG_ENABLE_MODULES = YES;
				CLANG_ENABLE_OBJC_ARC = YES;
				CLANG_ENABLE_OBJC_WEAK = YES;
				CLANG_WARN_BLOCK_CAPTURE_AUTORELEASING = YES;
				CLANG_WARN_BOOL_CONVERSION = YES;
				CLANG_WARN_COMMA = YES;
				CLANG_WARN_CONSTANT_CONVERSION = YES;
				CLANG_WARN_DEPRECATED_OBJC_IMPLEMENTATIONS = YES;
				CLANG_WARN_DIRECT_OBJC_ISA_USAGE = YES_ERROR;
				CLANG_WARN_DOCUMENTATION_COMMENTS = YES;
				CLANG_WARN_EMPTY_BODY = YES;
				CLANG_WARN_ENUM_CONVERSION = YES;
				CLANG_WARN_INFINITE_RECURSION = YES;
				CLANG_WARN_INT_CONVERSION = YES;
				CLANG_WARN_NON_LITERAL_NULL_CONVERSION = YES;
				CLANG_WARN_OBJC_IMPLICIT_RETAIN_SELF = YES;
				CLANG_WARN_OBJC_LITERAL_CONVERSION = YES;
				CLANG_WARN_OBJC_ROOT_CLASS = YES_ERROR;
				CLANG_WARN_RANGE_LOOP_ANALYSIS = YES;
				CLANG_WARN_STRICT_PROTOTYPES = YES;
				CLANG_WARN_SUSPICIOUS_MOVE = YES;
				CLANG_WARN_UNGUARDED_AVAILABILITY = YES_AGGRESSIVE;
				CLANG_WARN_UNREACHABLE_CODE = YES;
				CLANG_WARN__DUPLICATE_METHOD_MATCH = YES;
				COPY_PHASE_STRIP = NO;
				DEBUG_INFORMATION_FORMAT = "dwarf-with-dsym";
				ENABLE_NS_ASSERTIONS = NO;
				ENABLE_STRICT_OBJC_MSGSEND = YES;
				GCC_C_LANGUAGE_STANDARD = gnu11;
				GCC_NO_COMMON_BLOCKS = YES;
				GCC_WARN_64_TO_32_BIT_CONVERSION = YES;
				GCC_WARN_ABOUT_RETURN_TYPE = YES_ERROR;
				GCC_WARN_UNDECLARED_SELECTOR = YES;
				GCC_WARN_UNINITIALIZED_AUTOS = YES_AGGRESSIVE;
				GCC_WARN_UNUSED_FUNCTION = YES;
				GCC_WARN_UNUSED_VARIABLE = YES;
				IPHONEOS_DEPLOYMENT_TARGET = 13.0;
				MTL_ENABLE_DEBUG_INFO = NO;
				MTL_FAST_MATH = YES;
				SDKROOT = iphoneos;
				SWIFT_COMPILATION_MODE = wholemodule;
				SWIFT_OPTIMIZATION_LEVEL = "-O";
				VALIDATE_PRODUCT = YES;
			};
			name = Release;
		};
		03E8A819234DE23A00259855 /* Debug */ = {
			isa = XCBuildConfiguration;
			buildSettings = {
				ASSETCATALOG_COMPILER_APPICON_NAME = AppIcon;
				CODE_SIGN_STYLE = Automatic;
				DEVELOPMENT_ASSET_PATHS = "\"Thread Demo/UI/Preview Content\"";
				ENABLE_PREVIEWS = YES;
				INFOPLIST_FILE = "Thread Demo/App/Info.plist";
				LD_RUNPATH_SEARCH_PATHS = (
					"$(inherited)",
					"@executable_path/Frameworks",
				);
				PRODUCT_BUNDLE_IDENTIFIER = "com.logiccraft.Thread-Demo";
				PRODUCT_NAME = "$(TARGET_NAME)";
				SWIFT_VERSION = 5.0;
				TARGETED_DEVICE_FAMILY = "1,2";
			};
			name = Debug;
		};
		03E8A81A234DE23A00259855 /* Release */ = {
			isa = XCBuildConfiguration;
			buildSettings = {
				ASSETCATALOG_COMPILER_APPICON_NAME = AppIcon;
				CODE_SIGN_STYLE = Automatic;
				DEVELOPMENT_ASSET_PATHS = "\"Thread Demo/UI/Preview Content\"";
				ENABLE_PREVIEWS = YES;
				INFOPLIST_FILE = "Thread Demo/App/Info.plist";
				LD_RUNPATH_SEARCH_PATHS = (
					"$(inherited)",
					"@executable_path/Frameworks",
				);
				PRODUCT_BUNDLE_IDENTIFIER = "com.logiccraft.Thread-Demo";
				PRODUCT_NAME = "$(TARGET_NAME)";
				SWIFT_VERSION = 5.0;
				TARGETED_DEVICE_FAMILY = "1,2";
			};
			name = Release;
		};
		03E8A81C234DE23A00259855 /* Debug */ = {
			isa = XCBuildConfiguration;
			buildSettings = {
				ALWAYS_EMBED_SWIFT_STANDARD_LIBRARIES = YES;
				BUNDLE_LOADER = "$(TEST_HOST)";
				CODE_SIGN_STYLE = Automatic;
				INFOPLIST_FILE = "Thread Demo/App/Info.tests.plist";
				IPHONEOS_DEPLOYMENT_TARGET = 13.0;
				LD_RUNPATH_SEARCH_PATHS = (
					"$(inherited)",
					"@executable_path/Frameworks",
					"@loader_path/Frameworks",
				);
				PRODUCT_BUNDLE_IDENTIFIER = "com.logiccraft.Thread-Demo.tests";
				PRODUCT_NAME = "$(TARGET_NAME)";
				SWIFT_VERSION = 5.0;
				TARGETED_DEVICE_FAMILY = "1,2";
				TEST_HOST = "$(BUILT_PRODUCTS_DIR)/Thread Demo.app/Thread Demo";
			};
			name = Debug;
		};
		03E8A81D234DE23A00259855 /* Release */ = {
			isa = XCBuildConfiguration;
			buildSettings = {
				ALWAYS_EMBED_SWIFT_STANDARD_LIBRARIES = YES;
				BUNDLE_LOADER = "$(TEST_HOST)";
				CODE_SIGN_STYLE = Automatic;
				INFOPLIST_FILE = "Thread Demo/App/Info.tests.plist";
				IPHONEOS_DEPLOYMENT_TARGET = 13.0;
				LD_RUNPATH_SEARCH_PATHS = (
					"$(inherited)",
					"@executable_path/Frameworks",
					"@loader_path/Frameworks",
				);
				PRODUCT_BUNDLE_IDENTIFIER = "com.logiccraft.Thread-Demo.tests";
				PRODUCT_NAME = "$(TARGET_NAME)";
				SWIFT_VERSION = 5.0;
				TARGETED_DEVICE_FAMILY = "1,2";
				TEST_HOST = "$(BUILT_PRODUCTS_DIR)/Thread Demo.app/Thread Demo";
			};
			name = Release;
		};
		03E8A81F234DE23A00259855 /* Debug */ = {
			isa = XCBuildConfiguration;
			buildSettings = {
				ALWAYS_EMBED_SWIFT_STANDARD_LIBRARIES = YES;
				CODE_SIGN_STYLE = Automatic;
				INFOPLIST_FILE = "Thread Demo/App/Info.uitests.plist";
				LD_RUNPATH_SEARCH_PATHS = (
					"$(inherited)",
					"@executable_path/Frameworks",
					"@loader_path/Frameworks",
				);
				PRODUCT_BUNDLE_IDENTIFIER = "com.logiccraft.Thread-Demo.uitests";
				PRODUCT_NAME = "$(TARGET_NAME)";
				SWIFT_VERSION = 5.0;
				TARGETED_DEVICE_FAMILY = "1,2";
				TEST_TARGET_NAME = "Thread Demo";
			};
			name = Debug;
		};
		03E8A820234DE23A00259855 /* Release */ = {
			isa = XCBuildConfiguration;
			buildSettings = {
				ALWAYS_EMBED_SWIFT_STANDARD_LIBRARIES = YES;
				CODE_SIGN_STYLE = Automatic;
				INFOPLIST_FILE = "Thread Demo/App/Info.uitests.plist";
				LD_RUNPATH_SEARCH_PATHS = (
					"$(inherited)",
					"@executable_path/Frameworks",
					"@loader_path/Frameworks",
				);
				PRODUCT_BUNDLE_IDENTIFIER = "com.logiccraft.Thread-Demo.uitests";
				PRODUCT_NAME = "$(TARGET_NAME)";
				SWIFT_VERSION = 5.0;
				TARGETED_DEVICE_FAMILY = "1,2";
				TEST_TARGET_NAME = "Thread Demo";
			};
			name = Release;
		};
/* End XCBuildConfiguration section */

/* Begin XCConfigurationList section */
		03E8A7E9234DE23900259855 /* Build configuration list for PBXProject "Thread Demo" */ = {
			isa = XCConfigurationList;
			buildConfigurations = (
				03E8A816234DE23A00259855 /* Debug */,
				03E8A817234DE23A00259855 /* Release */,
			);
			defaultConfigurationIsVisible = 0;
			defaultConfigurationName = Release;
		};
		03E8A818234DE23A00259855 /* Build configuration list for PBXNativeTarget "Thread Demo" */ = {
			isa = XCConfigurationList;
			buildConfigurations = (
				03E8A819234DE23A00259855 /* Debug */,
				03E8A81A234DE23A00259855 /* Release */,
			);
			defaultConfigurationIsVisible = 0;
			defaultConfigurationName = Release;
		};
		03E8A81B234DE23A00259855 /* Build configuration list for PBXNativeTarget "Thread Demo Tests" */ = {
			isa = XCConfigurationList;
			buildConfigurations = (
				03E8A81C234DE23A00259855 /* Debug */,
				03E8A81D234DE23A00259855 /* Release */,
			);
			defaultConfigurationIsVisible = 0;
			defaultConfigurationName = Release;
		};
		03E8A81E234DE23A00259855 /* Build configuration list for PBXNativeTarget "Thread Demo UITests" */ = {
			isa = XCConfigurationList;
			buildConfigurations = (
				03E8A81F234DE23A00259855 /* Debug */,
				03E8A820234DE23A00259855 /* Release */,
			);
			defaultConfigurationIsVisible = 0;
			defaultConfigurationName = Release;
		};
/* End XCConfigurationList section */
	};
	rootObject = 03E8A7E6234DE23900259855 /* Project object */;
}
