// !$*UTF8*$!
{
	archiveVersion = 1;
	classes = {
	};
	objectVersion = 52;
	objects = {

/* Begin PBXBuildFile section */
		0316CA2523FDA01000607E23 /* API.framework in Frameworks */ = {isa = PBXBuildFile; fileRef = 03559A7823FD96DE0054DF17 /* API.framework */; };
		0316CA2623FDA01000607E23 /* API.framework in Embed Frameworks */ = {isa = PBXBuildFile; fileRef = 03559A7823FD96DE0054DF17 /* API.framework */; settings = {ATTRIBUTES = (CodeSignOnCopy, RemoveHeadersOnCopy, ); }; };
		0316CA9723FE925B00607E23 /* Core.framework in Frameworks */ = {isa = PBXBuildFile; fileRef = 0316CA5123FE8B5400607E23 /* Core.framework */; };
		0316CA9823FE925B00607E23 /* Core.framework in Embed Frameworks */ = {isa = PBXBuildFile; fileRef = 0316CA5123FE8B5400607E23 /* Core.framework */; settings = {ATTRIBUTES = (CodeSignOnCopy, RemoveHeadersOnCopy, ); }; };
		0316CAFA23FE9B4800607E23 /* Frontend.framework in Frameworks */ = {isa = PBXBuildFile; fileRef = 0316CAF223FE9B2700607E23 /* Frontend.framework */; };
		0316CAFB23FE9B4800607E23 /* Frontend.framework in Embed Frameworks */ = {isa = PBXBuildFile; fileRef = 0316CAF223FE9B2700607E23 /* Frontend.framework */; settings = {ATTRIBUTES = (CodeSignOnCopy, RemoveHeadersOnCopy, ); }; };
		03559A4B23FD93A60054DF17 /* Log.framework in Frameworks */ = {isa = PBXBuildFile; fileRef = 03559A2E23FD8D4C0054DF17 /* Log.framework */; };
		03559A4C23FD93A60054DF17 /* Log.framework in Embed Frameworks */ = {isa = PBXBuildFile; fileRef = 03559A2E23FD8D4C0054DF17 /* Log.framework */; settings = {ATTRIBUTES = (CodeSignOnCopy, RemoveHeadersOnCopy, ); }; };
		036766FA235A4FBC000E9C8D /* LoggingSystem+App.swift in Sources */ = {isa = PBXBuildFile; fileRef = 036766F9235A4FBC000E9C8D /* LoggingSystem+App.swift */; };
		03DD9AE1234DF4EE00140291 /* App.tests.swift in Sources */ = {isa = PBXBuildFile; fileRef = 03DD9ADF234DF4D200140291 /* App.tests.swift */; };
		03DD9B11234E26F300140291 /* Post+API.swift in Sources */ = {isa = PBXBuildFile; fileRef = 03DD9B10234E26F300140291 /* Post+API.swift */; };
		03DD9B29234F93B500140291 /* User+API.swift in Sources */ = {isa = PBXBuildFile; fileRef = 03DD9B28234F93B500140291 /* User+API.swift */; };
		03DD9B2B234F951C00140291 /* ConversionError.swift in Sources */ = {isa = PBXBuildFile; fileRef = 03DD9B2A234F951C00140291 /* ConversionError.swift */; };
		03DD9B2D234F97B600140291 /* Comment+API.swift in Sources */ = {isa = PBXBuildFile; fileRef = 03DD9B2C234F97B600140291 /* Comment+API.swift */; };
		03DD9B382350ACD900140291 /* DataStore+API.swift in Sources */ = {isa = PBXBuildFile; fileRef = 03DD9B372350ACD900140291 /* DataStore+API.swift */; };
		03E8A7F2234DE23900259855 /* AppDelegate.swift in Sources */ = {isa = PBXBuildFile; fileRef = 03E8A7F1234DE23900259855 /* AppDelegate.swift */; };
		03E8A7F4234DE23900259855 /* SceneDelegate.swift in Sources */ = {isa = PBXBuildFile; fileRef = 03E8A7F3234DE23900259855 /* SceneDelegate.swift */; };
		03E8A7F8234DE23A00259855 /* Assets.xcassets in Resources */ = {isa = PBXBuildFile; fileRef = 03E8A7F7234DE23A00259855 /* Assets.xcassets */; };
		03E8A7FE234DE23A00259855 /* LaunchScreen.storyboard in Resources */ = {isa = PBXBuildFile; fileRef = 03E8A7FC234DE23A00259855 /* LaunchScreen.storyboard */; };
		03E8A831234DF21C00259855 /* App.uitests.swift in Sources */ = {isa = PBXBuildFile; fileRef = 03E8A813234DE23A00259855 /* App.uitests.swift */; };
/* End PBXBuildFile section */

/* Begin PBXContainerItemProxy section */
		0316CA5023FE8B5400607E23 /* PBXContainerItemProxy */ = {
			isa = PBXContainerItemProxy;
			containerPortal = 0316CA4B23FE8B5300607E23 /* Core.xcodeproj */;
			proxyType = 2;
			remoteGlobalIDString = 0316CA3123FE8B5300607E23;
			remoteInfo = Core;
		};
		0316CA5223FE8B5400607E23 /* PBXContainerItemProxy */ = {
			isa = PBXContainerItemProxy;
			containerPortal = 0316CA4B23FE8B5300607E23 /* Core.xcodeproj */;
			proxyType = 2;
			remoteGlobalIDString = 0316CA3A23FE8B5300607E23;
			remoteInfo = CoreTests;
		};
		0316CAC423FE9B0700607E23 /* PBXContainerItemProxy */ = {
			isa = PBXContainerItemProxy;
			containerPortal = 0316CABF23FE9B0700607E23 /* DesignSystem.xcodeproj */;
			proxyType = 2;
			remoteGlobalIDString = 0316CAA523FE9AF500607E23;
			remoteInfo = DesignSystem;
		};
		0316CAC623FE9B0700607E23 /* PBXContainerItemProxy */ = {
			isa = PBXContainerItemProxy;
			containerPortal = 0316CABF23FE9B0700607E23 /* DesignSystem.xcodeproj */;
			proxyType = 2;
			remoteGlobalIDString = 0316CAAE23FE9AF500607E23;
			remoteInfo = DesignSystemTests;
		};
		0316CAF123FE9B2700607E23 /* PBXContainerItemProxy */ = {
			isa = PBXContainerItemProxy;
			containerPortal = 0316CAEC23FE9B2700607E23 /* Frontend.xcodeproj */;
			proxyType = 2;
			remoteGlobalIDString = 0316CAD223FE9B2600607E23;
			remoteInfo = Frontend;
		};
		0316CAF323FE9B2700607E23 /* PBXContainerItemProxy */ = {
			isa = PBXContainerItemProxy;
			containerPortal = 0316CAEC23FE9B2700607E23 /* Frontend.xcodeproj */;
			proxyType = 2;
			remoteGlobalIDString = 0316CADB23FE9B2600607E23;
			remoteInfo = FrontendTests;
		};
		03559A2D23FD8D4C0054DF17 /* PBXContainerItemProxy */ = {
			isa = PBXContainerItemProxy;
			containerPortal = 03559A2823FD8D4B0054DF17 /* Log.xcodeproj */;
			proxyType = 2;
			remoteGlobalIDString = 03559A0E23FD8D4B0054DF17;
			remoteInfo = Log;
		};
		03559A2F23FD8D4C0054DF17 /* PBXContainerItemProxy */ = {
			isa = PBXContainerItemProxy;
			containerPortal = 03559A2823FD8D4B0054DF17 /* Log.xcodeproj */;
			proxyType = 2;
			remoteGlobalIDString = 03559A1723FD8D4B0054DF17;
			remoteInfo = LogTests;
		};
		03559A7723FD96DE0054DF17 /* PBXContainerItemProxy */ = {
			isa = PBXContainerItemProxy;
			containerPortal = 03559A7223FD96DD0054DF17 /* API.xcodeproj */;
			proxyType = 2;
			remoteGlobalIDString = 03559A5823FD96DD0054DF17;
			remoteInfo = API;
		};
		03559A7923FD96DE0054DF17 /* PBXContainerItemProxy */ = {
			isa = PBXContainerItemProxy;
			containerPortal = 03559A7223FD96DD0054DF17 /* API.xcodeproj */;
			proxyType = 2;
			remoteGlobalIDString = 03559A6123FD96DD0054DF17;
			remoteInfo = APITests;
		};
		03E8A805234DE23A00259855 /* PBXContainerItemProxy */ = {
			isa = PBXContainerItemProxy;
			containerPortal = 03E8A7E6234DE23900259855 /* Project object */;
			proxyType = 1;
			remoteGlobalIDString = 03E8A7ED234DE23900259855;
			remoteInfo = "Thread Demo";
		};
		03E8A810234DE23A00259855 /* PBXContainerItemProxy */ = {
			isa = PBXContainerItemProxy;
			containerPortal = 03E8A7E6234DE23900259855 /* Project object */;
			proxyType = 1;
			remoteGlobalIDString = 03E8A7ED234DE23900259855;
			remoteInfo = "Thread Demo";
		};
/* End PBXContainerItemProxy section */

/* Begin PBXCopyFilesBuildPhase section */
		03559A4D23FD93A60054DF17 /* Embed Frameworks */ = {
			isa = PBXCopyFilesBuildPhase;
			buildActionMask = 2147483647;
			dstPath = "";
			dstSubfolderSpec = 10;
			files = (
				03559A4C23FD93A60054DF17 /* Log.framework in Embed Frameworks */,
				0316CA9823FE925B00607E23 /* Core.framework in Embed Frameworks */,
				0316CAFB23FE9B4800607E23 /* Frontend.framework in Embed Frameworks */,
				0316CA2623FDA01000607E23 /* API.framework in Embed Frameworks */,
			);
			name = "Embed Frameworks";
			runOnlyForDeploymentPostprocessing = 0;
		};
/* End PBXCopyFilesBuildPhase section */

/* Begin PBXFileReference section */
		0316CA4B23FE8B5300607E23 /* Core.xcodeproj */ = {isa = PBXFileReference; lastKnownFileType = "wrapper.pb-project"; name = Core.xcodeproj; path = Core/Core.xcodeproj; sourceTree = "<group>"; };
		0316CABF23FE9B0700607E23 /* DesignSystem.xcodeproj */ = {isa = PBXFileReference; lastKnownFileType = "wrapper.pb-project"; name = DesignSystem.xcodeproj; path = DesignSystem/DesignSystem.xcodeproj; sourceTree = "<group>"; };
		0316CAEC23FE9B2700607E23 /* Frontend.xcodeproj */ = {isa = PBXFileReference; lastKnownFileType = "wrapper.pb-project"; name = Frontend.xcodeproj; path = Frontend/Frontend.xcodeproj; sourceTree = "<group>"; };
		032955D32358D9C500D65472 /* README.md */ = {isa = PBXFileReference; lastKnownFileType = net.daringfireball.markdown; path = README.md; sourceTree = SOURCE_ROOT; };
		03559A2823FD8D4B0054DF17 /* Log.xcodeproj */ = {isa = PBXFileReference; lastKnownFileType = "wrapper.pb-project"; name = Log.xcodeproj; path = Log/Log.xcodeproj; sourceTree = "<group>"; };
		03559A7223FD96DD0054DF17 /* API.xcodeproj */ = {isa = PBXFileReference; lastKnownFileType = "wrapper.pb-project"; name = API.xcodeproj; path = API/API.xcodeproj; sourceTree = "<group>"; };
		036766F9235A4FBC000E9C8D /* LoggingSystem+App.swift */ = {isa = PBXFileReference; lastKnownFileType = sourcecode.swift; path = "LoggingSystem+App.swift"; sourceTree = "<group>"; };
		03DD9ADF234DF4D200140291 /* App.tests.swift */ = {isa = PBXFileReference; lastKnownFileType = sourcecode.swift; path = App.tests.swift; sourceTree = "<group>"; };
		03DD9B10234E26F300140291 /* Post+API.swift */ = {isa = PBXFileReference; lastKnownFileType = sourcecode.swift; path = "Post+API.swift"; sourceTree = "<group>"; };
		03DD9B28234F93B500140291 /* User+API.swift */ = {isa = PBXFileReference; lastKnownFileType = sourcecode.swift; path = "User+API.swift"; sourceTree = "<group>"; };
		03DD9B2A234F951C00140291 /* ConversionError.swift */ = {isa = PBXFileReference; lastKnownFileType = sourcecode.swift; path = ConversionError.swift; sourceTree = "<group>"; };
		03DD9B2C234F97B600140291 /* Comment+API.swift */ = {isa = PBXFileReference; lastKnownFileType = sourcecode.swift; path = "Comment+API.swift"; sourceTree = "<group>"; };
		03DD9B372350ACD900140291 /* DataStore+API.swift */ = {isa = PBXFileReference; lastKnownFileType = sourcecode.swift; path = "DataStore+API.swift"; sourceTree = "<group>"; };
		03E8A7EE234DE23900259855 /* Thread Demo.app */ = {isa = PBXFileReference; explicitFileType = wrapper.application; includeInIndex = 0; path = "Thread Demo.app"; sourceTree = BUILT_PRODUCTS_DIR; };
		03E8A7F1234DE23900259855 /* AppDelegate.swift */ = {isa = PBXFileReference; lastKnownFileType = sourcecode.swift; path = AppDelegate.swift; sourceTree = "<group>"; };
		03E8A7F3234DE23900259855 /* SceneDelegate.swift */ = {isa = PBXFileReference; lastKnownFileType = sourcecode.swift; path = SceneDelegate.swift; sourceTree = "<group>"; };
		03E8A7F7234DE23A00259855 /* Assets.xcassets */ = {isa = PBXFileReference; lastKnownFileType = folder.assetcatalog; path = Assets.xcassets; sourceTree = "<group>"; };
		03E8A7FD234DE23A00259855 /* Base */ = {isa = PBXFileReference; lastKnownFileType = file.storyboard; name = Base; path = Base.lproj/LaunchScreen.storyboard; sourceTree = "<group>"; };
		03E8A7FF234DE23A00259855 /* Info.plist */ = {isa = PBXFileReference; lastKnownFileType = text.plist.xml; path = Info.plist; sourceTree = "<group>"; };
		03E8A804234DE23A00259855 /* Thread Demo Tests.xctest */ = {isa = PBXFileReference; explicitFileType = wrapper.cfbundle; includeInIndex = 0; path = "Thread Demo Tests.xctest"; sourceTree = BUILT_PRODUCTS_DIR; };
		03E8A80A234DE23A00259855 /* Info.tests.plist */ = {isa = PBXFileReference; lastKnownFileType = text.plist.xml; path = Info.tests.plist; sourceTree = "<group>"; };
		03E8A80F234DE23A00259855 /* Thread Demo UITests.xctest */ = {isa = PBXFileReference; explicitFileType = wrapper.cfbundle; includeInIndex = 0; path = "Thread Demo UITests.xctest"; sourceTree = BUILT_PRODUCTS_DIR; };
		03E8A813234DE23A00259855 /* App.uitests.swift */ = {isa = PBXFileReference; lastKnownFileType = sourcecode.swift; path = App.uitests.swift; sourceTree = "<group>"; };
		03E8A815234DE23A00259855 /* Info.uitests.plist */ = {isa = PBXFileReference; lastKnownFileType = text.plist.xml; path = Info.uitests.plist; sourceTree = "<group>"; };
/* End PBXFileReference section */

/* Begin PBXFrameworksBuildPhase section */
		03E8A7EB234DE23900259855 /* Frameworks */ = {
			isa = PBXFrameworksBuildPhase;
			buildActionMask = 2147483647;
			files = (
				03559A4B23FD93A60054DF17 /* Log.framework in Frameworks */,
				0316CA9723FE925B00607E23 /* Core.framework in Frameworks */,
				0316CAFA23FE9B4800607E23 /* Frontend.framework in Frameworks */,
				0316CA2523FDA01000607E23 /* API.framework in Frameworks */,
			);
			runOnlyForDeploymentPostprocessing = 0;
		};
		03E8A801234DE23A00259855 /* Frameworks */ = {
			isa = PBXFrameworksBuildPhase;
			buildActionMask = 2147483647;
			files = (
			);
			runOnlyForDeploymentPostprocessing = 0;
		};
		03E8A80C234DE23A00259855 /* Frameworks */ = {
			isa = PBXFrameworksBuildPhase;
			buildActionMask = 2147483647;
			files = (
			);
			runOnlyForDeploymentPostprocessing = 0;
		};
/* End PBXFrameworksBuildPhase section */

/* Begin PBXGroup section */
		0316CA4C23FE8B5300607E23 /* Products */ = {
			isa = PBXGroup;
			children = (
				0316CA5123FE8B5400607E23 /* Core.framework */,
				0316CA5323FE8B5400607E23 /* CoreTests.xctest */,
			);
			name = Products;
			sourceTree = "<group>";
		};
		0316CAC023FE9B0700607E23 /* Products */ = {
			isa = PBXGroup;
			children = (
				0316CAC523FE9B0700607E23 /* DesignSystem.framework */,
				0316CAC723FE9B0700607E23 /* DesignSystemTests.xctest */,
			);
			name = Products;
			sourceTree = "<group>";
		};
		0316CAED23FE9B2700607E23 /* Products */ = {
			isa = PBXGroup;
			children = (
				0316CAF223FE9B2700607E23 /* Frontend.framework */,
				0316CAF423FE9B2700607E23 /* FrontendTests.xctest */,
			);
			name = Products;
			sourceTree = "<group>";
		};
		03559A2923FD8D4B0054DF17 /* Products */ = {
			isa = PBXGroup;
			children = (
				03559A2E23FD8D4C0054DF17 /* Log.framework */,
				03559A3023FD8D4C0054DF17 /* LogTests.xctest */,
			);
			name = Products;
			sourceTree = "<group>";
		};
		03559A4823FD93A60054DF17 /* Frameworks */ = {
			isa = PBXGroup;
			children = (
			);
			name = Frameworks;
			sourceTree = "<group>";
		};
		03559A7323FD96DD0054DF17 /* Products */ = {
			isa = PBXGroup;
			children = (
				03559A7823FD96DE0054DF17 /* API.framework */,
				03559A7A23FD96DE0054DF17 /* APITests.xctest */,
			);
			name = Products;
			sourceTree = "<group>";
		};
		03DD9B322350841D00140291 /* API to Core */ = {
			isa = PBXGroup;
			children = (
				03DD9B10234E26F300140291 /* Post+API.swift */,
				03DD9B28234F93B500140291 /* User+API.swift */,
				03DD9B2C234F97B600140291 /* Comment+API.swift */,
				03DD9B2A234F951C00140291 /* ConversionError.swift */,
				03DD9B372350ACD900140291 /* DataStore+API.swift */,
			);
			path = "API to Core";
			sourceTree = "<group>";
		};
		03E8A7E5234DE23900259855 = {
			isa = PBXGroup;
			children = (
				03E8A7F0234DE23900259855 /* Thread Demo */,
				03E8A7EF234DE23900259855 /* Products */,
				03559A4823FD93A60054DF17 /* Frameworks */,
				0316CAEC23FE9B2700607E23 /* Frontend.xcodeproj */,
				0316CABF23FE9B0700607E23 /* DesignSystem.xcodeproj */,
				03559A7223FD96DD0054DF17 /* API.xcodeproj */,
				0316CA4B23FE8B5300607E23 /* Core.xcodeproj */,
				03559A2823FD8D4B0054DF17 /* Log.xcodeproj */,
			);
			sourceTree = "<group>";
		};
		03E8A7EF234DE23900259855 /* Products */ = {
			isa = PBXGroup;
			children = (
				03E8A7EE234DE23900259855 /* Thread Demo.app */,
				03E8A804234DE23A00259855 /* Thread Demo Tests.xctest */,
				03E8A80F234DE23A00259855 /* Thread Demo UITests.xctest */,
			);
			name = Products;
			sourceTree = "<group>";
		};
		03E8A7F0234DE23900259855 /* Thread Demo */ = {
			isa = PBXGroup;
			children = (
				03E8A82E234DEE1F00259855 /* App */,
				03DD9B322350841D00140291 /* API to Core */,
			);
			path = "Thread Demo";
			sourceTree = "<group>";
		};
		03E8A82E234DEE1F00259855 /* App */ = {
			isa = PBXGroup;
			children = (
				03E8A7F1234DE23900259855 /* AppDelegate.swift */,
				03E8A7F3234DE23900259855 /* SceneDelegate.swift */,
				03DD9ADF234DF4D200140291 /* App.tests.swift */,
				03E8A813234DE23A00259855 /* App.uitests.swift */,
				036766F9235A4FBC000E9C8D /* LoggingSystem+App.swift */,
				03E8A7FC234DE23A00259855 /* LaunchScreen.storyboard */,
				03E8A7FF234DE23A00259855 /* Info.plist */,
				03E8A80A234DE23A00259855 /* Info.tests.plist */,
				03E8A815234DE23A00259855 /* Info.uitests.plist */,
				032955D32358D9C500D65472 /* README.md */,
				03E8A7F7234DE23A00259855 /* Assets.xcassets */,
			);
			path = App;
			sourceTree = "<group>";
		};
/* End PBXGroup section */

/* Begin PBXNativeTarget section */
		03E8A7ED234DE23900259855 /* Thread Demo */ = {
			isa = PBXNativeTarget;
			buildConfigurationList = 03E8A818234DE23A00259855 /* Build configuration list for PBXNativeTarget "Thread Demo" */;
			buildPhases = (
				03E8A7EA234DE23900259855 /* Sources */,
				03E8A7EB234DE23900259855 /* Frameworks */,
				03E8A7EC234DE23900259855 /* Resources */,
				03559A4D23FD93A60054DF17 /* Embed Frameworks */,
			);
			buildRules = (
			);
			dependencies = (
			);
			name = "Thread Demo";
			packageProductDependencies = (
			);
			productName = "Thread Demo";
			productReference = 03E8A7EE234DE23900259855 /* Thread Demo.app */;
			productType = "com.apple.product-type.application";
		};
		03E8A803234DE23A00259855 /* Thread Demo Tests */ = {
			isa = PBXNativeTarget;
			buildConfigurationList = 03E8A81B234DE23A00259855 /* Build configuration list for PBXNativeTarget "Thread Demo Tests" */;
			buildPhases = (
				03E8A800234DE23A00259855 /* Sources */,
				03E8A801234DE23A00259855 /* Frameworks */,
				03E8A802234DE23A00259855 /* Resources */,
			);
			buildRules = (
			);
			dependencies = (
				03E8A806234DE23A00259855 /* PBXTargetDependency */,
			);
			name = "Thread Demo Tests";
			productName = "Thread DemoTests";
			productReference = 03E8A804234DE23A00259855 /* Thread Demo Tests.xctest */;
			productType = "com.apple.product-type.bundle.unit-test";
		};
		03E8A80E234DE23A00259855 /* Thread Demo UITests */ = {
			isa = PBXNativeTarget;
			buildConfigurationList = 03E8A81E234DE23A00259855 /* Build configuration list for PBXNativeTarget "Thread Demo UITests" */;
			buildPhases = (
				03E8A80B234DE23A00259855 /* Sources */,
				03E8A80C234DE23A00259855 /* Frameworks */,
				03E8A80D234DE23A00259855 /* Resources */,
			);
			buildRules = (
			);
			dependencies = (
				03E8A811234DE23A00259855 /* PBXTargetDependency */,
			);
			name = "Thread Demo UITests";
			productName = "Thread DemoUITests";
			productReference = 03E8A80F234DE23A00259855 /* Thread Demo UITests.xctest */;
			productType = "com.apple.product-type.bundle.ui-testing";
		};
/* End PBXNativeTarget section */

/* Begin PBXProject section */
		03E8A7E6234DE23900259855 /* Project object */ = {
			isa = PBXProject;
			attributes = {
				LastSwiftUpdateCheck = 1100;
				LastUpgradeCheck = 1100;
				ORGANIZATIONNAME = "Logic Craft Ltd";
				TargetAttributes = {
					03E8A7ED234DE23900259855 = {
						CreatedOnToolsVersion = 11.0;
					};
					03E8A803234DE23A00259855 = {
						CreatedOnToolsVersion = 11.0;
						TestTargetID = 03E8A7ED234DE23900259855;
					};
					03E8A80E234DE23A00259855 = {
						CreatedOnToolsVersion = 11.0;
						TestTargetID = 03E8A7ED234DE23900259855;
					};
				};
			};
			buildConfigurationList = 03E8A7E9234DE23900259855 /* Build configuration list for PBXProject "Thread Demo" */;
			compatibilityVersion = "Xcode 11.0";
			developmentRegion = en;
			hasScannedForEncodings = 0;
			knownRegions = (
				en,
				Base,
			);
			mainGroup = 03E8A7E5234DE23900259855;
			packageReferences = (
			);
			productRefGroup = 03E8A7EF234DE23900259855 /* Products */;
			projectDirPath = "";
			projectReferences = (
				{
					ProductGroup = 03559A7323FD96DD0054DF17 /* Products */;
					ProjectRef = 03559A7223FD96DD0054DF17 /* API.xcodeproj */;
				},
				{
					ProductGroup = 0316CA4C23FE8B5300607E23 /* Products */;
					ProjectRef = 0316CA4B23FE8B5300607E23 /* Core.xcodeproj */;
				},
				{
					ProductGroup = 0316CAC023FE9B0700607E23 /* Products */;
					ProjectRef = 0316CABF23FE9B0700607E23 /* DesignSystem.xcodeproj */;
				},
				{
					ProductGroup = 0316CAED23FE9B2700607E23 /* Products */;
					ProjectRef = 0316CAEC23FE9B2700607E23 /* Frontend.xcodeproj */;
				},
				{
					ProductGroup = 03559A2923FD8D4B0054DF17 /* Products */;
					ProjectRef = 03559A2823FD8D4B0054DF17 /* Log.xcodeproj */;
				},
			);
			projectRoot = "";
			targets = (
				03E8A7ED234DE23900259855 /* Thread Demo */,
				03E8A803234DE23A00259855 /* Thread Demo Tests */,
				03E8A80E234DE23A00259855 /* Thread Demo UITests */,
			);
		};
/* End PBXProject section */

/* Begin PBXReferenceProxy section */
		0316CA5123FE8B5400607E23 /* Core.framework */ = {
			isa = PBXReferenceProxy;
			fileType = wrapper.framework;
			path = Core.framework;
			remoteRef = 0316CA5023FE8B5400607E23 /* PBXContainerItemProxy */;
			sourceTree = BUILT_PRODUCTS_DIR;
		};
		0316CA5323FE8B5400607E23 /* CoreTests.xctest */ = {
			isa = PBXReferenceProxy;
			fileType = wrapper.cfbundle;
			path = CoreTests.xctest;
			remoteRef = 0316CA5223FE8B5400607E23 /* PBXContainerItemProxy */;
			sourceTree = BUILT_PRODUCTS_DIR;
		};
		0316CAC523FE9B0700607E23 /* DesignSystem.framework */ = {
			isa = PBXReferenceProxy;
			fileType = wrapper.framework;
			path = DesignSystem.framework;
			remoteRef = 0316CAC423FE9B0700607E23 /* PBXContainerItemProxy */;
			sourceTree = BUILT_PRODUCTS_DIR;
		};
		0316CAC723FE9B0700607E23 /* DesignSystemTests.xctest */ = {
			isa = PBXReferenceProxy;
			fileType = wrapper.cfbundle;
			path = DesignSystemTests.xctest;
			remoteRef = 0316CAC623FE9B0700607E23 /* PBXContainerItemProxy */;
			sourceTree = BUILT_PRODUCTS_DIR;
		};
		0316CAF223FE9B2700607E23 /* Frontend.framework */ = {
			isa = PBXReferenceProxy;
			fileType = wrapper.framework;
			path = Frontend.framework;
			remoteRef = 0316CAF123FE9B2700607E23 /* PBXContainerItemProxy */;
			sourceTree = BUILT_PRODUCTS_DIR;
		};
		0316CAF423FE9B2700607E23 /* FrontendTests.xctest */ = {
			isa = PBXReferenceProxy;
			fileType = wrapper.cfbundle;
			path = FrontendTests.xctest;
			remoteRef = 0316CAF323FE9B2700607E23 /* PBXContainerItemProxy */;
			sourceTree = BUILT_PRODUCTS_DIR;
		};
		03559A2E23FD8D4C0054DF17 /* Log.framework */ = {
			isa = PBXReferenceProxy;
			fileType = wrapper.framework;
			path = Log.framework;
			remoteRef = 03559A2D23FD8D4C0054DF17 /* PBXContainerItemProxy */;
			sourceTree = BUILT_PRODUCTS_DIR;
		};
		03559A3023FD8D4C0054DF17 /* LogTests.xctest */ = {
			isa = PBXReferenceProxy;
			fileType = wrapper.cfbundle;
			path = LogTests.xctest;
			remoteRef = 03559A2F23FD8D4C0054DF17 /* PBXContainerItemProxy */;
			sourceTree = BUILT_PRODUCTS_DIR;
		};
		03559A7823FD96DE0054DF17 /* API.framework */ = {
			isa = PBXReferenceProxy;
			fileType = wrapper.framework;
			path = API.framework;
			remoteRef = 03559A7723FD96DE0054DF17 /* PBXContainerItemProxy */;
			sourceTree = BUILT_PRODUCTS_DIR;
		};
		03559A7A23FD96DE0054DF17 /* APITests.xctest */ = {
			isa = PBXReferenceProxy;
			fileType = wrapper.cfbundle;
			path = APITests.xctest;
			remoteRef = 03559A7923FD96DE0054DF17 /* PBXContainerItemProxy */;
			sourceTree = BUILT_PRODUCTS_DIR;
		};
/* End PBXReferenceProxy section */

/* Begin PBXResourcesBuildPhase section */
		03E8A7EC234DE23900259855 /* Resources */ = {
			isa = PBXResourcesBuildPhase;
			buildActionMask = 2147483647;
			files = (
				03E8A7FE234DE23A00259855 /* LaunchScreen.storyboard in Resources */,
				03E8A7F8234DE23A00259855 /* Assets.xcassets in Resources */,
			);
			runOnlyForDeploymentPostprocessing = 0;
		};
		03E8A802234DE23A00259855 /* Resources */ = {
			isa = PBXResourcesBuildPhase;
			buildActionMask = 2147483647;
			files = (
			);
			runOnlyForDeploymentPostprocessing = 0;
		};
		03E8A80D234DE23A00259855 /* Resources */ = {
			isa = PBXResourcesBuildPhase;
			buildActionMask = 2147483647;
			files = (
			);
			runOnlyForDeploymentPostprocessing = 0;
		};
/* End PBXResourcesBuildPhase section */

/* Begin PBXSourcesBuildPhase section */
		03E8A7EA234DE23900259855 /* Sources */ = {
			isa = PBXSourcesBuildPhase;
			buildActionMask = 2147483647;
			files = (
				03DD9B11234E26F300140291 /* Post+API.swift in Sources */,
				036766FA235A4FBC000E9C8D /* LoggingSystem+App.swift in Sources */,
				03E8A7F2234DE23900259855 /* AppDelegate.swift in Sources */,
				03DD9B2D234F97B600140291 /* Comment+API.swift in Sources */,
				03E8A7F4234DE23900259855 /* SceneDelegate.swift in Sources */,
				03DD9B382350ACD900140291 /* DataStore+API.swift in Sources */,
				03DD9B29234F93B500140291 /* User+API.swift in Sources */,
				03DD9B2B234F951C00140291 /* ConversionError.swift in Sources */,
			);
			runOnlyForDeploymentPostprocessing = 0;
		};
		03E8A800234DE23A00259855 /* Sources */ = {
			isa = PBXSourcesBuildPhase;
			buildActionMask = 2147483647;
			files = (
				03DD9AE1234DF4EE00140291 /* App.tests.swift in Sources */,
			);
			runOnlyForDeploymentPostprocessing = 0;
		};
		03E8A80B234DE23A00259855 /* Sources */ = {
			isa = PBXSourcesBuildPhase;
			buildActionMask = 2147483647;
			files = (
				03E8A831234DF21C00259855 /* App.uitests.swift in Sources */,
			);
			runOnlyForDeploymentPostprocessing = 0;
		};
/* End PBXSourcesBuildPhase section */

/* Begin PBXTargetDependency section */
		03E8A806234DE23A00259855 /* PBXTargetDependency */ = {
			isa = PBXTargetDependency;
			target = 03E8A7ED234DE23900259855 /* Thread Demo */;
			targetProxy = 03E8A805234DE23A00259855 /* PBXContainerItemProxy */;
		};
		03E8A811234DE23A00259855 /* PBXTargetDependency */ = {
			isa = PBXTargetDependency;
			target = 03E8A7ED234DE23900259855 /* Thread Demo */;
			targetProxy = 03E8A810234DE23A00259855 /* PBXContainerItemProxy */;
		};
/* End PBXTargetDependency section */

/* Begin PBXVariantGroup section */
		03E8A7FC234DE23A00259855 /* LaunchScreen.storyboard */ = {
			isa = PBXVariantGroup;
			children = (
				03E8A7FD234DE23A00259855 /* Base */,
			);
			name = LaunchScreen.storyboard;
			sourceTree = "<group>";
		};
/* End PBXVariantGroup section */

/* Begin XCBuildConfiguration section */
		03E8A816234DE23A00259855 /* Debug */ = {
			isa = XCBuildConfiguration;
			buildSettings = {
				ALWAYS_SEARCH_USER_PATHS = NO;
				CLANG_ANALYZER_NONNULL = YES;
				CLANG_ANALYZER_NUMBER_OBJECT_CONVERSION = YES_AGGRESSIVE;
				CLANG_CXX_LANGUAGE_STANDARD = "gnu++14";
				CLANG_CXX_LIBRARY = "libc++";
				CLANG_ENABLE_MODULES = YES;
				CLANG_ENABLE_OBJC_ARC = YES;
				CLANG_ENABLE_OBJC_WEAK = YES;
				CLANG_WARN_BLOCK_CAPTURE_AUTORELEASING = YES;
				CLANG_WARN_BOOL_CONVERSION = YES;
				CLANG_WARN_COMMA = YES;
				CLANG_WARN_CONSTANT_CONVERSION = YES;
				CLANG_WARN_DEPRECATED_OBJC_IMPLEMENTATIONS = YES;
				CLANG_WARN_DIRECT_OBJC_ISA_USAGE = YES_ERROR;
				CLANG_WARN_DOCUMENTATION_COMMENTS = YES;
				CLANG_WARN_EMPTY_BODY = YES;
				CLANG_WARN_ENUM_CONVERSION = YES;
				CLANG_WARN_INFINITE_RECURSION = YES;
				CLANG_WARN_INT_CONVERSION = YES;
				CLANG_WARN_NON_LITERAL_NULL_CONVERSION = YES;
				CLANG_WARN_OBJC_IMPLICIT_RETAIN_SELF = YES;
				CLANG_WARN_OBJC_LITERAL_CONVERSION = YES;
				CLANG_WARN_OBJC_ROOT_CLASS = YES_ERROR;
				CLANG_WARN_RANGE_LOOP_ANALYSIS = YES;
				CLANG_WARN_STRICT_PROTOTYPES = YES;
				CLANG_WARN_SUSPICIOUS_MOVE = YES;
				CLANG_WARN_UNGUARDED_AVAILABILITY = YES_AGGRESSIVE;
				CLANG_WARN_UNREACHABLE_CODE = YES;
				CLANG_WARN__DUPLICATE_METHOD_MATCH = YES;
				COPY_PHASE_STRIP = NO;
				DEBUG_INFORMATION_FORMAT = dwarf;
				ENABLE_STRICT_OBJC_MSGSEND = YES;
				ENABLE_TESTABILITY = YES;
				GCC_C_LANGUAGE_STANDARD = gnu11;
				GCC_DYNAMIC_NO_PIC = NO;
				GCC_NO_COMMON_BLOCKS = YES;
				GCC_OPTIMIZATION_LEVEL = 0;
				GCC_PREPROCESSOR_DEFINITIONS = (
					"DEBUG=1",
					"$(inherited)",
				);
				GCC_WARN_64_TO_32_BIT_CONVERSION = YES;
				GCC_WARN_ABOUT_RETURN_TYPE = YES_ERROR;
				GCC_WARN_UNDECLARED_SELECTOR = YES;
				GCC_WARN_UNINITIALIZED_AUTOS = YES_AGGRESSIVE;
				GCC_WARN_UNUSED_FUNCTION = YES;
				GCC_WARN_UNUSED_VARIABLE = YES;
				IPHONEOS_DEPLOYMENT_TARGET = 13.0;
				MTL_ENABLE_DEBUG_INFO = INCLUDE_SOURCE;
				MTL_FAST_MATH = YES;
				ONLY_ACTIVE_ARCH = YES;
				SDKROOT = iphoneos;
				SWIFT_ACTIVE_COMPILATION_CONDITIONS = "DEBUG ENABLE_SAMPLES";
				SWIFT_OPTIMIZATION_LEVEL = "-Onone";
			};
			name = Debug;
		};
		03E8A817234DE23A00259855 /* Release */ = {
			isa = XCBuildConfiguration;
			buildSettings = {
				ALWAYS_SEARCH_USER_PATHS = NO;
				CLANG_ANALYZER_NONNULL = YES;
				CLANG_ANALYZER_NUMBER_OBJECT_CONVERSION = YES_AGGRESSIVE;
				CLANG_CXX_LANGUAGE_STANDARD = "gnu++14";
				CLANG_CXX_LIBRARY = "libc++";
				CLANG_ENABLE_MODULES = YES;
				CLANG_ENABLE_OBJC_ARC = YES;
				CLANG_ENABLE_OBJC_WEAK = YES;
				CLANG_WARN_BLOCK_CAPTURE_AUTORELEASING = YES;
				CLANG_WARN_BOOL_CONVERSION = YES;
				CLANG_WARN_COMMA = YES;
				CLANG_WARN_CONSTANT_CONVERSION = YES;
				CLANG_WARN_DEPRECATED_OBJC_IMPLEMENTATIONS = YES;
				CLANG_WARN_DIRECT_OBJC_ISA_USAGE = YES_ERROR;
				CLANG_WARN_DOCUMENTATION_COMMENTS = YES;
				CLANG_WARN_EMPTY_BODY = YES;
				CLANG_WARN_ENUM_CONVERSION = YES;
				CLANG_WARN_INFINITE_RECURSION = YES;
				CLANG_WARN_INT_CONVERSION = YES;
				CLANG_WARN_NON_LITERAL_NULL_CONVERSION = YES;
				CLANG_WARN_OBJC_IMPLICIT_RETAIN_SELF = YES;
				CLANG_WARN_OBJC_LITERAL_CONVERSION = YES;
				CLANG_WARN_OBJC_ROOT_CLASS = YES_ERROR;
				CLANG_WARN_RANGE_LOOP_ANALYSIS = YES;
				CLANG_WARN_STRICT_PROTOTYPES = YES;
				CLANG_WARN_SUSPICIOUS_MOVE = YES;
				CLANG_WARN_UNGUARDED_AVAILABILITY = YES_AGGRESSIVE;
				CLANG_WARN_UNREACHABLE_CODE = YES;
				CLANG_WARN__DUPLICATE_METHOD_MATCH = YES;
				COPY_PHASE_STRIP = NO;
				DEBUG_INFORMATION_FORMAT = "dwarf-with-dsym";
				ENABLE_NS_ASSERTIONS = NO;
				ENABLE_STRICT_OBJC_MSGSEND = YES;
				GCC_C_LANGUAGE_STANDARD = gnu11;
				GCC_NO_COMMON_BLOCKS = YES;
				GCC_WARN_64_TO_32_BIT_CONVERSION = YES;
				GCC_WARN_ABOUT_RETURN_TYPE = YES_ERROR;
				GCC_WARN_UNDECLARED_SELECTOR = YES;
				GCC_WARN_UNINITIALIZED_AUTOS = YES_AGGRESSIVE;
				GCC_WARN_UNUSED_FUNCTION = YES;
				GCC_WARN_UNUSED_VARIABLE = YES;
				IPHONEOS_DEPLOYMENT_TARGET = 13.0;
				MTL_ENABLE_DEBUG_INFO = NO;
				MTL_FAST_MATH = YES;
				SDKROOT = iphoneos;
				SWIFT_COMPILATION_MODE = wholemodule;
				SWIFT_OPTIMIZATION_LEVEL = "-O";
				VALIDATE_PRODUCT = YES;
			};
			name = Release;
		};
		03E8A819234DE23A00259855 /* Debug */ = {
			isa = XCBuildConfiguration;
			buildSettings = {
				ASSETCATALOG_COMPILER_APPICON_NAME = AppIcon;
				CODE_SIGN_STYLE = Automatic;
				DEVELOPMENT_ASSET_PATHS = "";
				ENABLE_PREVIEWS = YES;
				INFOPLIST_FILE = "Thread Demo/App/Info.plist";
				IPHONEOS_DEPLOYMENT_TARGET = 13.0;
				LD_RUNPATH_SEARCH_PATHS = (
					"$(inherited)",
					"@executable_path/Frameworks",
				);
				PRODUCT_BUNDLE_IDENTIFIER = "com.logiccraft.Thread-Demo";
				PRODUCT_NAME = "$(TARGET_NAME)";
				SWIFT_VERSION = 5.0;
				TARGETED_DEVICE_FAMILY = 1;
			};
			name = Debug;
		};
		03E8A81A234DE23A00259855 /* Release */ = {
			isa = XCBuildConfiguration;
			buildSettings = {
				ASSETCATALOG_COMPILER_APPICON_NAME = AppIcon;
				CODE_SIGN_STYLE = Automatic;
				DEVELOPMENT_ASSET_PATHS = "";
				ENABLE_PREVIEWS = YES;
				INFOPLIST_FILE = "Thread Demo/App/Info.plist";
				IPHONEOS_DEPLOYMENT_TARGET = 13.0;
				LD_RUNPATH_SEARCH_PATHS = (
					"$(inherited)",
					"@executable_path/Frameworks",
				);
				PRODUCT_BUNDLE_IDENTIFIER = "com.logiccraft.Thread-Demo";
				PRODUCT_NAME = "$(TARGET_NAME)";
				SWIFT_VERSION = 5.0;
				TARGETED_DEVICE_FAMILY = 1;
			};
			name = Release;
		};
		03E8A81C234DE23A00259855 /* Debug */ = {
			isa = XCBuildConfiguration;
			buildSettings = {
				ALWAYS_EMBED_SWIFT_STANDARD_LIBRARIES = YES;
				BUNDLE_LOADER = "$(TEST_HOST)";
				CODE_SIGN_STYLE = Automatic;
				INFOPLIST_FILE = "Thread Demo/App/Info.tests.plist";
				IPHONEOS_DEPLOYMENT_TARGET = 13.0;
				LD_RUNPATH_SEARCH_PATHS = (
					"$(inherited)",
					"@executable_path/Frameworks",
					"@loader_path/Frameworks",
				);
				PRODUCT_BUNDLE_IDENTIFIER = "com.logiccraft.Thread-Demo.tests";
				PRODUCT_NAME = "$(TARGET_NAME)";
				SWIFT_VERSION = 5.0;
				TARGETED_DEVICE_FAMILY = "1,2";
				TEST_HOST = "$(BUILT_PRODUCTS_DIR)/Thread Demo.app/Thread Demo";
			};
			name = Debug;
		};
		03E8A81D234DE23A00259855 /* Release */ = {
			isa = XCBuildConfiguration;
			buildSettings = {
				ALWAYS_EMBED_SWIFT_STANDARD_LIBRARIES = YES;
				BUNDLE_LOADER = "$(TEST_HOST)";
				CODE_SIGN_STYLE = Automatic;
				INFOPLIST_FILE = "Thread Demo/App/Info.tests.plist";
				IPHONEOS_DEPLOYMENT_TARGET = 13.0;
				LD_RUNPATH_SEARCH_PATHS = (
					"$(inherited)",
					"@executable_path/Frameworks",
					"@loader_path/Frameworks",
				);
				PRODUCT_BUNDLE_IDENTIFIER = "com.logiccraft.Thread-Demo.tests";
				PRODUCT_NAME = "$(TARGET_NAME)";
				SWIFT_VERSION = 5.0;
				TARGETED_DEVICE_FAMILY = "1,2";
				TEST_HOST = "$(BUILT_PRODUCTS_DIR)/Thread Demo.app/Thread Demo";
			};
			name = Release;
		};
		03E8A81F234DE23A00259855 /* Debug */ = {
			isa = XCBuildConfiguration;
			buildSettings = {
				ALWAYS_EMBED_SWIFT_STANDARD_LIBRARIES = YES;
				CODE_SIGN_STYLE = Automatic;
				INFOPLIST_FILE = "Thread Demo/App/Info.uitests.plist";
				LD_RUNPATH_SEARCH_PATHS = (
					"$(inherited)",
					"@executable_path/Frameworks",
					"@loader_path/Frameworks",
				);
				PRODUCT_BUNDLE_IDENTIFIER = "com.logiccraft.Thread-Demo.uitests";
				PRODUCT_NAME = "$(TARGET_NAME)";
				SWIFT_VERSION = 5.0;
				TARGETED_DEVICE_FAMILY = "1,2";
				TEST_TARGET_NAME = "Thread Demo";
			};
			name = Debug;
		};
		03E8A820234DE23A00259855 /* Release */ = {
			isa = XCBuildConfiguration;
			buildSettings = {
				ALWAYS_EMBED_SWIFT_STANDARD_LIBRARIES = YES;
				CODE_SIGN_STYLE = Automatic;
				INFOPLIST_FILE = "Thread Demo/App/Info.uitests.plist";
				LD_RUNPATH_SEARCH_PATHS = (
					"$(inherited)",
					"@executable_path/Frameworks",
					"@loader_path/Frameworks",
				);
				PRODUCT_BUNDLE_IDENTIFIER = "com.logiccraft.Thread-Demo.uitests";
				PRODUCT_NAME = "$(TARGET_NAME)";
				SWIFT_VERSION = 5.0;
				TARGETED_DEVICE_FAMILY = "1,2";
				TEST_TARGET_NAME = "Thread Demo";
			};
			name = Release;
		};
/* End XCBuildConfiguration section */

/* Begin XCConfigurationList section */
		03E8A7E9234DE23900259855 /* Build configuration list for PBXProject "Thread Demo" */ = {
			isa = XCConfigurationList;
			buildConfigurations = (
				03E8A816234DE23A00259855 /* Debug */,
				03E8A817234DE23A00259855 /* Release */,
			);
			defaultConfigurationIsVisible = 0;
			defaultConfigurationName = Release;
		};
		03E8A818234DE23A00259855 /* Build configuration list for PBXNativeTarget "Thread Demo" */ = {
			isa = XCConfigurationList;
			buildConfigurations = (
				03E8A819234DE23A00259855 /* Debug */,
				03E8A81A234DE23A00259855 /* Release */,
			);
			defaultConfigurationIsVisible = 0;
			defaultConfigurationName = Release;
		};
		03E8A81B234DE23A00259855 /* Build configuration list for PBXNativeTarget "Thread Demo Tests" */ = {
			isa = XCConfigurationList;
			buildConfigurations = (
				03E8A81C234DE23A00259855 /* Debug */,
				03E8A81D234DE23A00259855 /* Release */,
			);
			defaultConfigurationIsVisible = 0;
			defaultConfigurationName = Release;
		};
		03E8A81E234DE23A00259855 /* Build configuration list for PBXNativeTarget "Thread Demo UITests" */ = {
			isa = XCConfigurationList;
			buildConfigurations = (
				03E8A81F234DE23A00259855 /* Debug */,
				03E8A820234DE23A00259855 /* Release */,
			);
			defaultConfigurationIsVisible = 0;
			defaultConfigurationName = Release;
		};
/* End XCConfigurationList section */
	};
	rootObject = 03E8A7E6234DE23900259855 /* Project object */;
}
